<?xml version="1.0"?>
<CONFIG>
  <ProjectOptions>
    <Version Value="9"/>
    <PathDelim Value="\"/>
    <General>
      <Flags>
        <SaveClosedFiles Value="False"/>
        <SaveOnlyProjectUnits Value="True"/>
        <AlwaysBuild Value="False"/>
      </Flags>
      <SessionStorage Value="InProjectDir"/>
      <MainUnit Value="0"/>
      <Title Value="JT65-HF"/>
      <UseAppBundle Value="False"/>
      <ResourceType Value="res"/>
      <Icon Value="0"/>
    </General>
    <VersionInfo>
      <UseVersionInfo Value="True"/>
      <AutoIncrementBuild Value="True"/>
      <MajorVersionNr Value="1"/>
      <RevisionNr Value="9"/>
      <BuildNr Value="32"/>
      <StringTable FileDescription="Amateur Radio communications using JT65A" LegalCopyright="2009..2011 - J C Large - W6CQZ - GPL 2" ProductVersion=""/>
    </VersionInfo>
    <BuildModes Count="1">
      <Item1 Name="default" Default="True"/>
    </BuildModes>
    <PublishOptions>
      <Version Value="2"/>
      <IgnoreBinaries Value="False"/>
      <IncludeFileFilter Value="*.(pas|pp|inc|lfm|lpr|lrs|lpi|lpk|sh|xml)"/>
      <ExcludeFileFilter Value="*.(bak|ppu|ppw|o|so);*~;backup"/>
    </PublishOptions>
    <RunParams>
      <local>
        <FormatVersion Value="1"/>
        <LaunchingApplication PathPlusParams="\usr\X11R6\bin\xterm -T 'Lazarus Run Output' -e $(LazarusDir)\tools\runwait.sh $(TargetCmdLine)"/>
      </local>
    </RunParams>
    <RequiredPackages Count="2">
      <Item1>
        <PackageName Value="FCL"/>
        <MinVersion Major="1" Valid="True"/>
      </Item1>
      <Item2>
        <PackageName Value="LCL"/>
      </Item2>
    </RequiredPackages>
    <Units Count="21">
      <Unit0>
        <Filename Value="jt65-hf.lpr"/>
        <IsPartOfProject Value="True"/>
      </Unit0>
      <Unit1>
        <Filename Value="maincode.pas"/>
        <IsPartOfProject Value="True"/>
        <ComponentName Value="Form1"/>
        <HasResources Value="True"/>
        <ResourceBaseClass Value="Form"/>
        <UnitName Value="maincode"/>
      </Unit1>
      <Unit2>
        <Filename Value="portaudio.pas"/>
        <IsPartOfProject Value="True"/>
        <UnitName Value="portaudio"/>
      </Unit2>
      <Unit3>
        <Filename Value="encode65.pas"/>
        <IsPartOfProject Value="True"/>
        <UnitName Value="encode65"/>
      </Unit3>
      <Unit4>
        <Filename Value="globaldata.pas"/>
        <IsPartOfProject Value="True"/>
        <UnitName Value="globalData"/>
      </Unit4>
      <Unit5>
        <Filename Value="spectrum.pas"/>
        <IsPartOfProject Value="True"/>
        <UnitName Value="spectrum"/>
      </Unit5>
      <Unit6>
        <Filename Value="cmaps.pas"/>
        <IsPartOfProject Value="True"/>
        <UnitName Value="cmaps"/>
      </Unit6>
      <Unit7>
        <Filename Value="adc.pas"/>
        <IsPartOfProject Value="True"/>
        <UnitName Value="adc"/>
      </Unit7>
      <Unit8>
        <Filename Value="dac.pas"/>
        <IsPartOfProject Value="True"/>
        <UnitName Value="dac"/>
      </Unit8>
      <Unit9>
        <Filename Value="cfgvtwo.pas"/>
        <IsPartOfProject Value="True"/>
        <ComponentName Value="Form6"/>
        <ResourceBaseClass Value="Form"/>
        <UnitName Value="cfgvtwo"/>
      </Unit9>
      <Unit10>
        <Filename Value="guiconfig.pas"/>
        <IsPartOfProject Value="True"/>
        <UnitName Value="guiConfig"/>
      </Unit10>
      <Unit11>
        <Filename Value="verholder.pas"/>
        <IsPartOfProject Value="True"/>
        <UnitName Value="verHolder"/>
      </Unit11>
      <Unit12>
        <Filename Value="synaser.pas"/>
        <IsPartOfProject Value="True"/>
        <UnitName Value="synaser"/>
      </Unit12>
      <Unit13>
        <Filename Value="adif.pas"/>
        <IsPartOfProject Value="True"/>
        <UnitName Value="adif"/>
      </Unit13>
      <Unit14>
        <Filename Value="log.pas"/>
        <IsPartOfProject Value="True"/>
        <ComponentName Value="Form2"/>
        <ResourceBaseClass Value="Form"/>
        <UnitName Value="log"/>
      </Unit14>
      <Unit15>
        <Filename Value="fftw_jl.pas"/>
        <IsPartOfProject Value="True"/>
        <UnitName Value="fftw_jl"/>
      </Unit15>
      <Unit16>
        <Filename Value="waterfall.pas"/>
        <IsPartOfProject Value="True"/>
        <UnitName Value="waterfall"/>
      </Unit16>
      <Unit17>
        <Filename Value="d65.pas"/>
        <IsPartOfProject Value="True"/>
        <UnitName Value="d65"/>
      </Unit17>
      <Unit18>
        <Filename Value="about.pas"/>
        <IsPartOfProject Value="True"/>
        <ComponentName Value="Form4"/>
        <ResourceBaseClass Value="Form"/>
        <UnitName Value="about"/>
      </Unit18>
      <Unit19>
        <Filename Value="spot.pas"/>
        <IsPartOfProject Value="True"/>
        <UnitName Value="spot"/>
      </Unit19>
      <Unit20>
        <Filename Value="valobject.pas"/>
        <IsPartOfProject Value="True"/>
        <UnitName Value="valobject"/>
      </Unit20>
    </Units>
  </ProjectOptions>
  <CompilerOptions>
    <Version Value="9"/>
    <PathDelim Value="\"/>
    <Target>
      <Filename Value="jt65-hf"/>
    </Target>
    <SearchPaths>
      <IncludeFiles Value="$(ProjOutDir)"/>
      <Libraries Value="\usr\lib\i386-linux-gnu\"/>
      <UnitOutputDirectory Value="lib\$(TargetCPU)-$(TargetOS)"/>
    </SearchPaths>
    <Parsing>
      <SyntaxOptions>
        <CStyleOperator Value="False"/>
      </SyntaxOptions>
    </Parsing>
    <CodeGeneration>
      <Checks>
        <IOChecks Value="True"/>
        <RangeChecks Value="True"/>
        <OverflowChecks Value="True"/>
      </Checks>
    </CodeGeneration>
    <Linking>
      <Debugging>
        <GenerateDebugInfo Value="True"/>
      </Debugging>
    </Linking>
    <Other>
      <CompilerMessages>
        <UseMsgFile Value="True"/>
      </CompilerMessages>
      <CompilerPath Value="$(CompPath)"/>
    </Other>
  </CompilerOptions>
  <Debugging>
    <Exceptions Count="1">
      <Item1>
        <Name Value="EInOutError"/>
      </Item1>
    </Exceptions>
  </Debugging>
</CONFIG>